
Microsoft Visual Studio Solution File, Format Version 12.00
# Visual Studio 15
VisualStudioVersion = 15.0.26430.15
MinimumVisualStudioVersion = 10.0.40219.1
Project("{FAE04EC0-301F-11D3-BF4B-00C04F79EFBC}") = "PeNet", "PeNet-devel\PeNet2\PeNet.csproj", "{FE67C8A3-B4B2-4429-A5BA-379580EEE90C}"
EndProject
Project("{FAE04EC0-301F-11D3-BF4B-00C04F79EFBC}") = "SharpDisasm", "SharpDisasm1.1.5\SharpDisasm\SharpDisasm.csproj", "{D828384E-0251-44C4-8BF2-3608FD3DD2CD}"
EndProject
Project("{FAE04EC0-301F-11D3-BF4B-00C04F79EFBC}") = "ObfuscationTransform", "source\ObfuscationTransform\ObfuscationTransform.csproj", "{D5BA3F5E-FE65-454A-9160-5CDEFBE2ECFE}"
EndProject
Project("{FAE04EC0-301F-11D3-BF4B-00C04F79EFBC}") = "ObfuscationTransform.Console", "source\ObfuscationTransform.Console\ObfuscationTransform.Console.csproj", "{E97E1DD2-0641-48A7-9DE6-6D6CB4611DF9}"
EndProject
Project("{FAE04EC0-301F-11D3-BF4B-00C04F79EFBC}") = "ObfuscationTransform.Test", "source\ObfuscationTransform.Test\ObfuscationTransform.Test.csproj", "{8BD69E14-8CFD-47C1-BFC4-46B6969C48E5}"
EndProject
Global
	GlobalSection(SolutionConfigurationPlatforms) = preSolution
		Debug|Any CPU = Debug|Any CPU
		Debug|x64 = Debug|x64
		Net35Debug|Any CPU = Net35Debug|Any CPU
		Net35Debug|x64 = Net35Debug|x64
		Net35Release|Any CPU = Net35Release|Any CPU
		Net35Release|x64 = Net35Release|x64
		Net40Debug|Any CPU = Net40Debug|Any CPU
		Net40Debug|x64 = Net40Debug|x64
		Net40Release|Any CPU = Net40Release|Any CPU
		Net40Release|x64 = Net40Release|x64
		Net45Debug|Any CPU = Net45Debug|Any CPU
		Net45Debug|x64 = Net45Debug|x64
		Net45Release|Any CPU = Net45Release|Any CPU
		Net45Release|x64 = Net45Release|x64
		Release|Any CPU = Release|Any CPU
		Release|x64 = Release|x64
	EndGlobalSection
	GlobalSection(ProjectConfigurationPlatforms) = postSolution
		{FE67C8A3-B4B2-4429-A5BA-379580EEE90C}.Debug|Any CPU.ActiveCfg = Debug|Any CPU
		{FE67C8A3-B4B2-4429-A5BA-379580EEE90C}.Debug|Any CPU.Build.0 = Debug|Any CPU
		{FE67C8A3-B4B2-4429-A5BA-379580EEE90C}.Debug|x64.ActiveCfg = Debug|x64
		{FE67C8A3-B4B2-4429-A5BA-379580EEE90C}.Debug|x64.Build.0 = Debug|x64
		{FE67C8A3-B4B2-4429-A5BA-379580EEE90C}.Net35Debug|Any CPU.ActiveCfg = Debug|Any CPU
		{FE67C8A3-B4B2-4429-A5BA-379580EEE90C}.Net35Debug|Any CPU.Build.0 = Debug|Any CPU
		{FE67C8A3-B4B2-4429-A5BA-379580EEE90C}.Net35Debug|x64.ActiveCfg = Debug|x64
		{FE67C8A3-B4B2-4429-A5BA-379580EEE90C}.Net35Debug|x64.Build.0 = Debug|x64
		{FE67C8A3-B4B2-4429-A5BA-379580EEE90C}.Net35Release|Any CPU.ActiveCfg = Release|Any CPU
		{FE67C8A3-B4B2-4429-A5BA-379580EEE90C}.Net35Release|Any CPU.Build.0 = Release|Any CPU
		{FE67C8A3-B4B2-4429-A5BA-379580EEE90C}.Net35Release|x64.ActiveCfg = Release|x64
		{FE67C8A3-B4B2-4429-A5BA-379580EEE90C}.Net35Release|x64.Build.0 = Release|x64
		{FE67C8A3-B4B2-4429-A5BA-379580EEE90C}.Net40Debug|Any CPU.ActiveCfg = Debug|Any CPU
		{FE67C8A3-B4B2-4429-A5BA-379580EEE90C}.Net40Debug|Any CPU.Build.0 = Debug|Any CPU
		{FE67C8A3-B4B2-4429-A5BA-379580EEE90C}.Net40Debug|x64.ActiveCfg = Debug|x64
		{FE67C8A3-B4B2-4429-A5BA-379580EEE90C}.Net40Debug|x64.Build.0 = Debug|x64
		{FE67C8A3-B4B2-4429-A5BA-379580EEE90C}.Net40Release|Any CPU.ActiveCfg = Release|Any CPU
		{FE67C8A3-B4B2-4429-A5BA-379580EEE90C}.Net40Release|Any CPU.Build.0 = Release|Any CPU
		{FE67C8A3-B4B2-4429-A5BA-379580EEE90C}.Net40Release|x64.ActiveCfg = Release|x64
		{FE67C8A3-B4B2-4429-A5BA-379580EEE90C}.Net40Release|x64.Build.0 = Release|x64
		{FE67C8A3-B4B2-4429-A5BA-379580EEE90C}.Net45Debug|Any CPU.ActiveCfg = Debug|Any CPU
		{FE67C8A3-B4B2-4429-A5BA-379580EEE90C}.Net45Debug|Any CPU.Build.0 = Debug|Any CPU
		{FE67C8A3-B4B2-4429-A5BA-379580EEE90C}.Net45Debug|x64.ActiveCfg = Debug|x64
		{FE67C8A3-B4B2-4429-A5BA-379580EEE90C}.Net45Debug|x64.Build.0 = Debug|x64
		{FE67C8A3-B4B2-4429-A5BA-379580EEE90C}.Net45Release|Any CPU.ActiveCfg = Release|Any CPU
		{FE67C8A3-B4B2-4429-A5BA-379580EEE90C}.Net45Release|Any CPU.Build.0 = Release|Any CPU
		{FE67C8A3-B4B2-4429-A5BA-379580EEE90C}.Net45Release|x64.ActiveCfg = Release|x64
		{FE67C8A3-B4B2-4429-A5BA-379580EEE90C}.Net45Release|x64.Build.0 = Release|x64
		{FE67C8A3-B4B2-4429-A5BA-379580EEE90C}.Release|Any CPU.ActiveCfg = Release|Any CPU
		{FE67C8A3-B4B2-4429-A5BA-379580EEE90C}.Release|Any CPU.Build.0 = Release|Any CPU
		{FE67C8A3-B4B2-4429-A5BA-379580EEE90C}.Release|x64.ActiveCfg = Release|x64
		{FE67C8A3-B4B2-4429-A5BA-379580EEE90C}.Release|x64.Build.0 = Release|x64
		{D828384E-0251-44C4-8BF2-3608FD3DD2CD}.Debug|Any CPU.ActiveCfg = Net45Debug|Any CPU
		{D828384E-0251-44C4-8BF2-3608FD3DD2CD}.Debug|Any CPU.Build.0 = Net45Debug|Any CPU
		{D828384E-0251-44C4-8BF2-3608FD3DD2CD}.Debug|x64.ActiveCfg = Net45Debug|Any CPU
		{D828384E-0251-44C4-8BF2-3608FD3DD2CD}.Debug|x64.Build.0 = Net45Debug|Any CPU
		{D828384E-0251-44C4-8BF2-3608FD3DD2CD}.Net35Debug|Any CPU.ActiveCfg = Net35Debug|Any CPU
		{D828384E-0251-44C4-8BF2-3608FD3DD2CD}.Net35Debug|Any CPU.Build.0 = Net35Debug|Any CPU
		{D828384E-0251-44C4-8BF2-3608FD3DD2CD}.Net35Debug|x64.ActiveCfg = Net35Debug|Any CPU
		{D828384E-0251-44C4-8BF2-3608FD3DD2CD}.Net35Debug|x64.Build.0 = Net35Debug|Any CPU
		{D828384E-0251-44C4-8BF2-3608FD3DD2CD}.Net35Release|Any CPU.ActiveCfg = Net35Release|Any CPU
		{D828384E-0251-44C4-8BF2-3608FD3DD2CD}.Net35Release|Any CPU.Build.0 = Net35Release|Any CPU
		{D828384E-0251-44C4-8BF2-3608FD3DD2CD}.Net35Release|x64.ActiveCfg = Net35Release|Any CPU
		{D828384E-0251-44C4-8BF2-3608FD3DD2CD}.Net35Release|x64.Build.0 = Net35Release|Any CPU
		{D828384E-0251-44C4-8BF2-3608FD3DD2CD}.Net40Debug|Any CPU.ActiveCfg = Net40Debug|Any CPU
		{D828384E-0251-44C4-8BF2-3608FD3DD2CD}.Net40Debug|Any CPU.Build.0 = Net40Debug|Any CPU
		{D828384E-0251-44C4-8BF2-3608FD3DD2CD}.Net40Debug|x64.ActiveCfg = Net40Debug|Any CPU
		{D828384E-0251-44C4-8BF2-3608FD3DD2CD}.Net40Debug|x64.Build.0 = Net40Debug|Any CPU
		{D828384E-0251-44C4-8BF2-3608FD3DD2CD}.Net40Release|Any CPU.ActiveCfg = Net40Release|Any CPU
		{D828384E-0251-44C4-8BF2-3608FD3DD2CD}.Net40Release|Any CPU.Build.0 = Net40Release|Any CPU
		{D828384E-0251-44C4-8BF2-3608FD3DD2CD}.Net40Release|x64.ActiveCfg = Net40Release|Any CPU
		{D828384E-0251-44C4-8BF2-3608FD3DD2CD}.Net40Release|x64.Build.0 = Net40Release|Any CPU
		{D828384E-0251-44C4-8BF2-3608FD3DD2CD}.Net45Debug|Any CPU.ActiveCfg = Net45Debug|Any CPU
		{D828384E-0251-44C4-8BF2-3608FD3DD2CD}.Net45Debug|Any CPU.Build.0 = Net45Debug|Any CPU
		{D828384E-0251-44C4-8BF2-3608FD3DD2CD}.Net45Debug|x64.ActiveCfg = Net45Debug|Any CPU
		{D828384E-0251-44C4-8BF2-3608FD3DD2CD}.Net45Debug|x64.Build.0 = Net45Debug|Any CPU
		{D828384E-0251-44C4-8BF2-3608FD3DD2CD}.Net45Release|Any CPU.ActiveCfg = Net45Release|Any CPU
		{D828384E-0251-44C4-8BF2-3608FD3DD2CD}.Net45Release|Any CPU.Build.0 = Net45Release|Any CPU
		{D828384E-0251-44C4-8BF2-3608FD3DD2CD}.Net45Release|x64.ActiveCfg = Net45Release|Any CPU
		{D828384E-0251-44C4-8BF2-3608FD3DD2CD}.Net45Release|x64.Build.0 = Net45Release|Any CPU
		{D828384E-0251-44C4-8BF2-3608FD3DD2CD}.Release|Any CPU.ActiveCfg = Net45Release|Any CPU
		{D828384E-0251-44C4-8BF2-3608FD3DD2CD}.Release|Any CPU.Build.0 = Net45Release|Any CPU
		{D828384E-0251-44C4-8BF2-3608FD3DD2CD}.Release|x64.ActiveCfg = Net45Release|Any CPU
		{D828384E-0251-44C4-8BF2-3608FD3DD2CD}.Release|x64.Build.0 = Net45Release|Any CPU
		{D5BA3F5E-FE65-454A-9160-5CDEFBE2ECFE}.Debug|Any CPU.ActiveCfg = Debug|Any CPU
		{D5BA3F5E-FE65-454A-9160-5CDEFBE2ECFE}.Debug|Any CPU.Build.0 = Debug|Any CPU
		{D5BA3F5E-FE65-454A-9160-5CDEFBE2ECFE}.Debug|x64.ActiveCfg = Debug|Any CPU
		{D5BA3F5E-FE65-454A-9160-5CDEFBE2ECFE}.Debug|x64.Build.0 = Debug|Any CPU
		{D5BA3F5E-FE65-454A-9160-5CDEFBE2ECFE}.Net35Debug|Any CPU.ActiveCfg = Debug|Any CPU
		{D5BA3F5E-FE65-454A-9160-5CDEFBE2ECFE}.Net35Debug|Any CPU.Build.0 = Debug|Any CPU
		{D5BA3F5E-FE65-454A-9160-5CDEFBE2ECFE}.Net35Debug|x64.ActiveCfg = Debug|Any CPU
		{D5BA3F5E-FE65-454A-9160-5CDEFBE2ECFE}.Net35Debug|x64.Build.0 = Debug|Any CPU
		{D5BA3F5E-FE65-454A-9160-5CDEFBE2ECFE}.Net35Release|Any CPU.ActiveCfg = Release|Any CPU
		{D5BA3F5E-FE65-454A-9160-5CDEFBE2ECFE}.Net35Release|Any CPU.Build.0 = Release|Any CPU
		{D5BA3F5E-FE65-454A-9160-5CDEFBE2ECFE}.Net35Release|x64.ActiveCfg = Release|Any CPU
		{D5BA3F5E-FE65-454A-9160-5CDEFBE2ECFE}.Net35Release|x64.Build.0 = Release|Any CPU
		{D5BA3F5E-FE65-454A-9160-5CDEFBE2ECFE}.Net40Debug|Any CPU.ActiveCfg = Debug|Any CPU
		{D5BA3F5E-FE65-454A-9160-5CDEFBE2ECFE}.Net40Debug|Any CPU.Build.0 = Debug|Any CPU
		{D5BA3F5E-FE65-454A-9160-5CDEFBE2ECFE}.Net40Debug|x64.ActiveCfg = Debug|Any CPU
		{D5BA3F5E-FE65-454A-9160-5CDEFBE2ECFE}.Net40Debug|x64.Build.0 = Debug|Any CPU
		{D5BA3F5E-FE65-454A-9160-5CDEFBE2ECFE}.Net40Release|Any CPU.ActiveCfg = Release|Any CPU
		{D5BA3F5E-FE65-454A-9160-5CDEFBE2ECFE}.Net40Release|Any CPU.Build.0 = Release|Any CPU
		{D5BA3F5E-FE65-454A-9160-5CDEFBE2ECFE}.Net40Release|x64.ActiveCfg = Release|Any CPU
		{D5BA3F5E-FE65-454A-9160-5CDEFBE2ECFE}.Net40Release|x64.Build.0 = Release|Any CPU
		{D5BA3F5E-FE65-454A-9160-5CDEFBE2ECFE}.Net45Debug|Any CPU.ActiveCfg = Debug|Any CPU
		{D5BA3F5E-FE65-454A-9160-5CDEFBE2ECFE}.Net45Debug|Any CPU.Build.0 = Debug|Any CPU
		{D5BA3F5E-FE65-454A-9160-5CDEFBE2ECFE}.Net45Debug|x64.ActiveCfg = Debug|Any CPU
		{D5BA3F5E-FE65-454A-9160-5CDEFBE2ECFE}.Net45Debug|x64.Build.0 = Debug|Any CPU
		{D5BA3F5E-FE65-454A-9160-5CDEFBE2ECFE}.Net45Release|Any CPU.ActiveCfg = Release|Any CPU
		{D5BA3F5E-FE65-454A-9160-5CDEFBE2ECFE}.Net45Release|Any CPU.Build.0 = Release|Any CPU
		{D5BA3F5E-FE65-454A-9160-5CDEFBE2ECFE}.Net45Release|x64.ActiveCfg = Release|Any CPU
		{D5BA3F5E-FE65-454A-9160-5CDEFBE2ECFE}.Net45Release|x64.Build.0 = Release|Any CPU
		{D5BA3F5E-FE65-454A-9160-5CDEFBE2ECFE}.Release|Any CPU.ActiveCfg = Release|Any CPU
		{D5BA3F5E-FE65-454A-9160-5CDEFBE2ECFE}.Release|Any CPU.Build.0 = Release|Any CPU
		{D5BA3F5E-FE65-454A-9160-5CDEFBE2ECFE}.Release|x64.ActiveCfg = Release|Any CPU
		{D5BA3F5E-FE65-454A-9160-5CDEFBE2ECFE}.Release|x64.Build.0 = Release|Any CPU
		{E97E1DD2-0641-48A7-9DE6-6D6CB4611DF9}.Debug|Any CPU.ActiveCfg = Debug|Any CPU
		{E97E1DD2-0641-48A7-9DE6-6D6CB4611DF9}.Debug|Any CPU.Build.0 = Debug|Any CPU
		{E97E1DD2-0641-48A7-9DE6-6D6CB4611DF9}.Debug|x64.ActiveCfg = Debug|Any CPU
		{E97E1DD2-0641-48A7-9DE6-6D6CB4611DF9}.Debug|x64.Build.0 = Debug|Any CPU
		{E97E1DD2-0641-48A7-9DE6-6D6CB4611DF9}.Net35Debug|Any CPU.ActiveCfg = Debug|Any CPU
		{E97E1DD2-0641-48A7-9DE6-6D6CB4611DF9}.Net35Debug|Any CPU.Build.0 = Debug|Any CPU
		{E97E1DD2-0641-48A7-9DE6-6D6CB4611DF9}.Net35Debug|x64.ActiveCfg = Debug|Any CPU
		{E97E1DD2-0641-48A7-9DE6-6D6CB4611DF9}.Net35Debug|x64.Build.0 = Debug|Any CPU
		{E97E1DD2-0641-48A7-9DE6-6D6CB4611DF9}.Net35Release|Any CPU.ActiveCfg = Release|Any CPU
		{E97E1DD2-0641-48A7-9DE6-6D6CB4611DF9}.Net35Release|Any CPU.Build.0 = Release|Any CPU
		{E97E1DD2-0641-48A7-9DE6-6D6CB4611DF9}.Net35Release|x64.ActiveCfg = Release|Any CPU
		{E97E1DD2-0641-48A7-9DE6-6D6CB4611DF9}.Net35Release|x64.Build.0 = Release|Any CPU
		{E97E1DD2-0641-48A7-9DE6-6D6CB4611DF9}.Net40Debug|Any CPU.ActiveCfg = Debug|Any CPU
		{E97E1DD2-0641-48A7-9DE6-6D6CB4611DF9}.Net40Debug|Any CPU.Build.0 = Debug|Any CPU
		{E97E1DD2-0641-48A7-9DE6-6D6CB4611DF9}.Net40Debug|x64.ActiveCfg = Debug|Any CPU
		{E97E1DD2-0641-48A7-9DE6-6D6CB4611DF9}.Net40Debug|x64.Build.0 = Debug|Any CPU
		{E97E1DD2-0641-48A7-9DE6-6D6CB4611DF9}.Net40Release|Any CPU.ActiveCfg = Release|Any CPU
		{E97E1DD2-0641-48A7-9DE6-6D6CB4611DF9}.Net40Release|Any CPU.Build.0 = Release|Any CPU
		{E97E1DD2-0641-48A7-9DE6-6D6CB4611DF9}.Net40Release|x64.ActiveCfg = Release|Any CPU
		{E97E1DD2-0641-48A7-9DE6-6D6CB4611DF9}.Net40Release|x64.Build.0 = Release|Any CPU
		{E97E1DD2-0641-48A7-9DE6-6D6CB4611DF9}.Net45Debug|Any CPU.ActiveCfg = Debug|Any CPU
		{E97E1DD2-0641-48A7-9DE6-6D6CB4611DF9}.Net45Debug|Any CPU.Build.0 = Debug|Any CPU
		{E97E1DD2-0641-48A7-9DE6-6D6CB4611DF9}.Net45Debug|x64.ActiveCfg = Debug|Any CPU
		{E97E1DD2-0641-48A7-9DE6-6D6CB4611DF9}.Net45Debug|x64.Build.0 = Debug|Any CPU
		{E97E1DD2-0641-48A7-9DE6-6D6CB4611DF9}.Net45Release|Any CPU.ActiveCfg = Release|Any CPU
		{E97E1DD2-0641-48A7-9DE6-6D6CB4611DF9}.Net45Release|Any CPU.Build.0 = Release|Any CPU
		{E97E1DD2-0641-48A7-9DE6-6D6CB4611DF9}.Net45Release|x64.ActiveCfg = Release|Any CPU
		{E97E1DD2-0641-48A7-9DE6-6D6CB4611DF9}.Net45Release|x64.Build.0 = Release|Any CPU
		{E97E1DD2-0641-48A7-9DE6-6D6CB4611DF9}.Release|Any CPU.ActiveCfg = Release|Any CPU
		{E97E1DD2-0641-48A7-9DE6-6D6CB4611DF9}.Release|Any CPU.Build.0 = Release|Any CPU
		{E97E1DD2-0641-48A7-9DE6-6D6CB4611DF9}.Release|x64.ActiveCfg = Release|Any CPU
		{E97E1DD2-0641-48A7-9DE6-6D6CB4611DF9}.Release|x64.Build.0 = Release|Any CPU
		{8BD69E14-8CFD-47C1-BFC4-46B6969C48E5}.Debug|Any CPU.ActiveCfg = Debug|Any CPU
		{8BD69E14-8CFD-47C1-BFC4-46B6969C48E5}.Debug|Any CPU.Build.0 = Debug|Any CPU
		{8BD69E14-8CFD-47C1-BFC4-46B6969C48E5}.Debug|x64.ActiveCfg = Debug|Any CPU
		{8BD69E14-8CFD-47C1-BFC4-46B6969C48E5}.Debug|x64.Build.0 = Debug|Any CPU
		{8BD69E14-8CFD-47C1-BFC4-46B6969C48E5}.Net35Debug|Any CPU.ActiveCfg = Debug|Any CPU
		{8BD69E14-8CFD-47C1-BFC4-46B6969C48E5}.Net35Debug|Any CPU.Build.0 = Debug|Any CPU
		{8BD69E14-8CFD-47C1-BFC4-46B6969C48E5}.Net35Debug|x64.ActiveCfg = Debug|Any CPU
		{8BD69E14-8CFD-47C1-BFC4-46B6969C48E5}.Net35Debug|x64.Build.0 = Debug|Any CPU
		{8BD69E14-8CFD-47C1-BFC4-46B6969C48E5}.Net35Release|Any CPU.ActiveCfg = Release|Any CPU
		{8BD69E14-8CFD-47C1-BFC4-46B6969C48E5}.Net35Release|Any CPU.Build.0 = Release|Any CPU
		{8BD69E14-8CFD-47C1-BFC4-46B6969C48E5}.Net35Release|x64.ActiveCfg = Release|Any CPU
		{8BD69E14-8CFD-47C1-BFC4-46B6969C48E5}.Net35Release|x64.Build.0 = Release|Any CPU
		{8BD69E14-8CFD-47C1-BFC4-46B6969C48E5}.Net40Debug|Any CPU.ActiveCfg = Debug|Any CPU
		{8BD69E14-8CFD-47C1-BFC4-46B6969C48E5}.Net40Debug|Any CPU.Build.0 = Debug|Any CPU
		{8BD69E14-8CFD-47C1-BFC4-46B6969C48E5}.Net40Debug|x64.ActiveCfg = Debug|Any CPU
		{8BD69E14-8CFD-47C1-BFC4-46B6969C48E5}.Net40Debug|x64.Build.0 = Debug|Any CPU
		{8BD69E14-8CFD-47C1-BFC4-46B6969C48E5}.Net40Release|Any CPU.ActiveCfg = Release|Any CPU
		{8BD69E14-8CFD-47C1-BFC4-46B6969C48E5}.Net40Release|Any CPU.Build.0 = Release|Any CPU
		{8BD69E14-8CFD-47C1-BFC4-46B6969C48E5}.Net40Release|x64.ActiveCfg = Release|Any CPU
		{8BD69E14-8CFD-47C1-BFC4-46B6969C48E5}.Net40Release|x64.Build.0 = Release|Any CPU
		{8BD69E14-8CFD-47C1-BFC4-46B6969C48E5}.Net45Debug|Any CPU.ActiveCfg = Debug|Any CPU
		{8BD69E14-8CFD-47C1-BFC4-46B6969C48E5}.Net45Debug|Any CPU.Build.0 = Debug|Any CPU
		{8BD69E14-8CFD-47C1-BFC4-46B6969C48E5}.Net45Debug|x64.ActiveCfg = Debug|Any CPU
		{8BD69E14-8CFD-47C1-BFC4-46B6969C48E5}.Net45Debug|x64.Build.0 = Debug|Any CPU
		{8BD69E14-8CFD-47C1-BFC4-46B6969C48E5}.Net45Release|Any CPU.ActiveCfg = Release|Any CPU
		{8BD69E14-8CFD-47C1-BFC4-46B6969C48E5}.Net45Release|Any CPU.Build.0 = Release|Any CPU
		{8BD69E14-8CFD-47C1-BFC4-46B6969C48E5}.Net45Release|x64.ActiveCfg = Release|Any CPU
		{8BD69E14-8CFD-47C1-BFC4-46B6969C48E5}.Net45Release|x64.Build.0 = Release|Any CPU
		{8BD69E14-8CFD-47C1-BFC4-46B6969C48E5}.Release|Any CPU.ActiveCfg = Release|Any CPU
		{8BD69E14-8CFD-47C1-BFC4-46B6969C48E5}.Release|Any CPU.Build.0 = Release|Any CPU
		{8BD69E14-8CFD-47C1-BFC4-46B6969C48E5}.Release|x64.ActiveCfg = Release|Any CPU
		{8BD69E14-8CFD-47C1-BFC4-46B6969C48E5}.Release|x64.Build.0 = Release|Any CPU
	EndGlobalSection
	GlobalSection(SolutionProperties) = preSolution
		HideSolutionNode = FALSE
	EndGlobalSection
EndGlobal
